
Microsoft Visual Studio Solution File, Format Version 12.00
# Visual Studio Version 17
VisualStudioVersion = 17.11.35201.85
MinimumVisualStudioVersion = 10.0.40219.1
Project("{FAE04EC0-301F-11D3-BF4B-00C04F79EFBC}") = "BL.Api", "BL.Api\BL.Api.csproj", "{0EAF1186-B842-482E-937D-7C438B9919CA}"
EndProject
Global
	GlobalSection(SolutionConfigurationPlatforms) = preSolution
		Debug|Any CPU = Debug|Any CPU
		Release|Any CPU = Release|Any CPU
	EndGlobalSection
	GlobalSection(ProjectConfigurationPlatforms) = postSolution
		{0EAF1186-B842-482E-937D-7C438B9919CA}.Debug|Any CPU.ActiveCfg = Debug|Any CPU
		{0EAF1186-B842-482E-937D-7C438B9919CA}.Debug|Any CPU.Build.0 = Debug|Any CPU
		{0EAF1186-B842-482E-937D-7C438B9919CA}.Release|Any CPU.ActiveCfg = Release|Any CPU
		{0EAF1186-B842-482E-937D-7C438B9919CA}.Release|Any CPU.Build.0 = Release|Any CPU
	EndGlobalSection
	GlobalSection(SolutionProperties) = preSolution
		HideSolutionNode = FALSE
	EndGlobalSection
	GlobalSection(ExtensibilityGlobals) = postSolution
		SolutionGuid = {BBB11A10-5370-4D79-AB70-44BA0BEE6976}
	EndGlobalSection
EndGlobal
